
Microsoft Visual Studio Solution File, Format Version 12.00
# Visual Studio Version 16
VisualStudioVersion = 16.0.29306.81
MinimumVisualStudioVersion = 10.0.40219.1
Project("{FAE04EC0-301F-11D3-BF4B-00C04F79EFBC}") = "01Task", "01Task\01Task.csproj", "{4F3AE1F3-385A-4442-92C7-0EDF3175E750}"
EndProject
Global
	GlobalSection(SolutionConfigurationPlatforms) = preSolution
		Debug|Any CPU = Debug|Any CPU
		Release|Any CPU = Release|Any CPU
	EndGlobalSection
	GlobalSection(ProjectConfigurationPlatforms) = postSolution
		{4F3AE1F3-385A-4442-92C7-0EDF3175E750}.Debug|Any CPU.ActiveCfg = Debug|Any CPU
		{4F3AE1F3-385A-4442-92C7-0EDF3175E750}.Debug|Any CPU.Build.0 = Debug|Any CPU
		{4F3AE1F3-385A-4442-92C7-0EDF3175E750}.Release|Any CPU.ActiveCfg = Release|Any CPU
		{4F3AE1F3-385A-4442-92C7-0EDF3175E750}.Release|Any CPU.Build.0 = Release|Any CPU
	EndGlobalSection
	GlobalSection(SolutionProperties) = preSolution
		HideSolutionNode = FALSE
	EndGlobalSection
	GlobalSection(ExtensibilityGlobals) = postSolution
		SolutionGuid = {68F7CC57-A62E-401A-A1FF-BA85BB45841C}
	EndGlobalSection
EndGlobal
